{"filter":false,"title":"package-lock.json","tooltip":"/mynews/package-lock.json","undoManager":{"mark":-1,"position":-1,"stack":[]},"ace":{"folds":[],"scrolltop":99,"scrollleft":0,"selection":{"start":{"row":0,"column":0},"end":{"row":0,"column":0},"isBackwards":false},"options":{"guessTabSize":true,"useWrapMode":false,"wrapToView":true},"firstLineState":{"row":5,"state":"start","mode":"ace/mode/json"}},"timestamp":1603513411073,"hash":"7b52aa670c1a85df600dd507ce6d54110ab63223"}